
Microsoft Visual Studio Solution File, Format Version 12.00
Project("{FAE04EC0-301F-11D3-BF4B-00C04F79EFBC}") = "CrossReview.Web", "src\backend\CrossReview.Web\CrossReview.Web.csproj", "{9318130D-0993-47E0-94E8-AAFA18A25711}"
EndProject
Project("{FAE04EC0-301F-11D3-BF4B-00C04F79EFBC}") = "CrossReview.Domain", "src\backend\CrossReview.Domain\CrossReview.Domain.csproj", "{9461D175-469E-4026-88F4-C582077FF7E1}"
EndProject
Project("{FAE04EC0-301F-11D3-BF4B-00C04F79EFBC}") = "CrossReview.Application", "src\backend\CrossReview.Application\CrossReview.Application.csproj", "{79F58C6E-6A19-4DB1-96EB-4500D802037A}"
EndProject
Project("{FAE04EC0-301F-11D3-BF4B-00C04F79EFBC}") = "CrossReview.Infrastructure.Postgres", "src\backend\CrossReview.Infrastructure.Postgres\CrossReview.Infrastructure.Postgres.csproj", "{7855DEE0-C921-46EA-974A-3025FE17D475}"
EndProject
Project("{2150E333-8FDC-42A3-9474-1A3956D46DE8}") = "src", "src", "{F7D54FE0-8361-48F3-913C-D4DA2DDBC489}"
EndProject
Project("{FAE04EC0-301F-11D3-BF4B-00C04F79EFBC}") = "Shared", "src\backend\Shared\Shared.csproj", "{5858D110-1A20-46E3-9EF1-FF83E8F7C6D9}"
EndProject
Project("{FAE04EC0-301F-11D3-BF4B-00C04F79EFBC}") = "Crossreview.Infrastructure.Identity", "src\backend\Crossreview.Infrastructure.Identity\Crossreview.Infrastructure.Identity.csproj", "{178F796E-9EF9-42C6-9A29-1578A996A395}"
EndProject
Project("{2150E333-8FDC-42A3-9474-1A3956D46DE8}") = "backend", "backend", "{7DBB3674-6BA3-4093-8215-DC9B60C6E71E}"
EndProject
Project("{2150E333-8FDC-42A3-9474-1A3956D46DE8}") = "frontend", "frontend", "{9E11A1E9-A34D-4310-AA84-34440BA3BF21}"
EndProject
Global
	GlobalSection(SolutionConfigurationPlatforms) = preSolution
		Debug|Any CPU = Debug|Any CPU
		Release|Any CPU = Release|Any CPU
	EndGlobalSection
	GlobalSection(ProjectConfigurationPlatforms) = postSolution
		{9318130D-0993-47E0-94E8-AAFA18A25711}.Debug|Any CPU.ActiveCfg = Debug|Any CPU
		{9318130D-0993-47E0-94E8-AAFA18A25711}.Debug|Any CPU.Build.0 = Debug|Any CPU
		{9318130D-0993-47E0-94E8-AAFA18A25711}.Release|Any CPU.ActiveCfg = Release|Any CPU
		{9318130D-0993-47E0-94E8-AAFA18A25711}.Release|Any CPU.Build.0 = Release|Any CPU
		{9461D175-469E-4026-88F4-C582077FF7E1}.Debug|Any CPU.ActiveCfg = Debug|Any CPU
		{9461D175-469E-4026-88F4-C582077FF7E1}.Debug|Any CPU.Build.0 = Debug|Any CPU
		{9461D175-469E-4026-88F4-C582077FF7E1}.Release|Any CPU.ActiveCfg = Release|Any CPU
		{9461D175-469E-4026-88F4-C582077FF7E1}.Release|Any CPU.Build.0 = Release|Any CPU
		{79F58C6E-6A19-4DB1-96EB-4500D802037A}.Debug|Any CPU.ActiveCfg = Debug|Any CPU
		{79F58C6E-6A19-4DB1-96EB-4500D802037A}.Debug|Any CPU.Build.0 = Debug|Any CPU
		{79F58C6E-6A19-4DB1-96EB-4500D802037A}.Release|Any CPU.ActiveCfg = Release|Any CPU
		{79F58C6E-6A19-4DB1-96EB-4500D802037A}.Release|Any CPU.Build.0 = Release|Any CPU
		{7855DEE0-C921-46EA-974A-3025FE17D475}.Debug|Any CPU.ActiveCfg = Debug|Any CPU
		{7855DEE0-C921-46EA-974A-3025FE17D475}.Debug|Any CPU.Build.0 = Debug|Any CPU
		{7855DEE0-C921-46EA-974A-3025FE17D475}.Release|Any CPU.ActiveCfg = Release|Any CPU
		{7855DEE0-C921-46EA-974A-3025FE17D475}.Release|Any CPU.Build.0 = Release|Any CPU
		{5858D110-1A20-46E3-9EF1-FF83E8F7C6D9}.Debug|Any CPU.ActiveCfg = Debug|Any CPU
		{5858D110-1A20-46E3-9EF1-FF83E8F7C6D9}.Debug|Any CPU.Build.0 = Debug|Any CPU
		{5858D110-1A20-46E3-9EF1-FF83E8F7C6D9}.Release|Any CPU.ActiveCfg = Release|Any CPU
		{5858D110-1A20-46E3-9EF1-FF83E8F7C6D9}.Release|Any CPU.Build.0 = Release|Any CPU
		{178F796E-9EF9-42C6-9A29-1578A996A395}.Debug|Any CPU.ActiveCfg = Debug|Any CPU
		{178F796E-9EF9-42C6-9A29-1578A996A395}.Debug|Any CPU.Build.0 = Debug|Any CPU
		{178F796E-9EF9-42C6-9A29-1578A996A395}.Release|Any CPU.ActiveCfg = Release|Any CPU
		{178F796E-9EF9-42C6-9A29-1578A996A395}.Release|Any CPU.Build.0 = Release|Any CPU
	EndGlobalSection
	GlobalSection(NestedProjects) = preSolution
		{7DBB3674-6BA3-4093-8215-DC9B60C6E71E} = {F7D54FE0-8361-48F3-913C-D4DA2DDBC489}
		{9E11A1E9-A34D-4310-AA84-34440BA3BF21} = {F7D54FE0-8361-48F3-913C-D4DA2DDBC489}
		{79F58C6E-6A19-4DB1-96EB-4500D802037A} = {7DBB3674-6BA3-4093-8215-DC9B60C6E71E}
		{9461D175-469E-4026-88F4-C582077FF7E1} = {7DBB3674-6BA3-4093-8215-DC9B60C6E71E}
		{178F796E-9EF9-42C6-9A29-1578A996A395} = {7DBB3674-6BA3-4093-8215-DC9B60C6E71E}
		{7855DEE0-C921-46EA-974A-3025FE17D475} = {7DBB3674-6BA3-4093-8215-DC9B60C6E71E}
		{9318130D-0993-47E0-94E8-AAFA18A25711} = {7DBB3674-6BA3-4093-8215-DC9B60C6E71E}
		{5858D110-1A20-46E3-9EF1-FF83E8F7C6D9} = {7DBB3674-6BA3-4093-8215-DC9B60C6E71E}
	EndGlobalSection
EndGlobal
